
Microsoft Visual Studio Solution File, Format Version 12.00
# Visual Studio Version 17
VisualStudioVersion = 17.2.32616.157
MinimumVisualStudioVersion = 10.0.40219.1
Project("{FAE04EC0-301F-11D3-BF4B-00C04F79EFBC}") = "LeaveManagement_Web", "LeaveManagement_Web\LeaveManagement_Web.csproj", "{0B29C6EF-6C36-4B02-B644-DFDBB8057601}"
EndProject
Global
	GlobalSection(SolutionConfigurationPlatforms) = preSolution
		Debug|Any CPU = Debug|Any CPU
		Release|Any CPU = Release|Any CPU
	EndGlobalSection
	GlobalSection(ProjectConfigurationPlatforms) = postSolution
		{0B29C6EF-6C36-4B02-B644-DFDBB8057601}.Debug|Any CPU.ActiveCfg = Debug|Any CPU
		{0B29C6EF-6C36-4B02-B644-DFDBB8057601}.Debug|Any CPU.Build.0 = Debug|Any CPU
		{0B29C6EF-6C36-4B02-B644-DFDBB8057601}.Release|Any CPU.ActiveCfg = Release|Any CPU
		{0B29C6EF-6C36-4B02-B644-DFDBB8057601}.Release|Any CPU.Build.0 = Release|Any CPU
	EndGlobalSection
	GlobalSection(SolutionProperties) = preSolution
		HideSolutionNode = FALSE
	EndGlobalSection
	GlobalSection(ExtensibilityGlobals) = postSolution
		SolutionGuid = {2C503C77-6EFA-4F8D-A0C5-1E8996368C78}
	EndGlobalSection
EndGlobal
